github.com/halogenica/beautifulhugo v0.0.0-20210106080152-99ca240e9977 h1:pPJoUP0hd1tTt6wgA2pY3ssiXRWPLzhYF6Bz7hcv0yY=
github.com/halogenica/beautifulhugo v0.0.0-20210106080152-99ca240e9977/go.mod h1:ufPkGvDjUx8ELYtHwaxCSuQeDMIrW7wtDzw/Hqoy4CY=
github.com/theNewDynamic/gohugo-theme-ananke v0.0.0-20220506152654-a98a70782c8d h1:SJoe64vzQsb1ok1cib7zTnP9UTCdUASLmmuqie4T6lw=
github.com/theNewDynamic/gohugo-theme-ananke v0.0.0-20220506152654-a98a70782c8d/go.mod h1:yY14BLqqh5G61rO81YcJKMHY1rClY5iIiUK+K2JKSUM=
github.com/theNewDynamic/gohugo-theme-ananke v0.0.0-20220520185154-720bd45dc839 h1:E1WPoChZgMynDIyQocS4VfrihtXOQB7m18TOZ3HsBxg=
github.com/theNewDynamic/gohugo-theme-ananke v0.0.0-20220520185154-720bd45dc839/go.mod h1:yY14BLqqh5G61rO81YcJKMHY1rClY5iIiUK+K2JKSUM=
